
Microsoft Visual Studio Solution File, Format Version 12.00
# Visual Studio Version 17
VisualStudioVersion = 17.5.33414.496
MinimumVisualStudioVersion = 10.0.40219.1
Project("{FAE04EC0-301F-11D3-BF4B-00C04F79EFBC}") = "Modsenfy", "Modsenfy.csproj", "{0FCAFC76-5F7F-4837-B871-2755E26656EC}"
EndProject
Global
	GlobalSection(SolutionConfigurationPlatforms) = preSolution
		Debug|Any CPU = Debug|Any CPU
		Release|Any CPU = Release|Any CPU
	EndGlobalSection
	GlobalSection(ProjectConfigurationPlatforms) = postSolution
		{0FCAFC76-5F7F-4837-B871-2755E26656EC}.Debug|Any CPU.ActiveCfg = Debug|Any CPU
		{0FCAFC76-5F7F-4837-B871-2755E26656EC}.Debug|Any CPU.Build.0 = Debug|Any CPU
		{0FCAFC76-5F7F-4837-B871-2755E26656EC}.Release|Any CPU.ActiveCfg = Release|Any CPU
		{0FCAFC76-5F7F-4837-B871-2755E26656EC}.Release|Any CPU.Build.0 = Release|Any CPU
	EndGlobalSection
	GlobalSection(SolutionProperties) = preSolution
		HideSolutionNode = FALSE
	EndGlobalSection
	GlobalSection(ExtensibilityGlobals) = postSolution
		SolutionGuid = {BCFE0F2E-5BFE-4CDC-BFD8-4C5F154F5017}
	EndGlobalSection
EndGlobal
